
Microsoft Visual Studio Solution File, Format Version 12.00
# Visual Studio 14
VisualStudioVersion = 14.0.25420.1
MinimumVisualStudioVersion = 10.0.40219.1
Project("{8BC9CEB8-8B4A-11D0-8D11-00A0C91BC942}") = "main", "cleanflight\src\main\main.vcxproj", "{1BA776D7-3D36-46F9-B3CD-92EFF85EA7E3}"
EndProject
Project("{8BC9CEB8-8B4A-11D0-8D11-00A0C91BC942}") = "LRF_VL53L0X", "LRF_VL53L0X\LRF_VL53L0X.vcxproj", "{FA892FEA-C211-47FD-A9CA-CB70E1346635}"
EndProject
Global
	GlobalSection(SolutionConfigurationPlatforms) = preSolution
		Debug|Win32 = Debug|Win32
		Debug|x64 = Debug|x64
		Release|Win32 = Release|Win32
		Release|x64 = Release|x64
	EndGlobalSection
	GlobalSection(ProjectConfigurationPlatforms) = postSolution
		{1BA776D7-3D36-46F9-B3CD-92EFF85EA7E3}.Debug|Win32.ActiveCfg = Debug|Win32
		{1BA776D7-3D36-46F9-B3CD-92EFF85EA7E3}.Debug|Win32.Build.0 = Debug|Win32
		{1BA776D7-3D36-46F9-B3CD-92EFF85EA7E3}.Debug|x64.ActiveCfg = Debug|Win32
		{1BA776D7-3D36-46F9-B3CD-92EFF85EA7E3}.Release|Win32.ActiveCfg = Release|Win32
		{1BA776D7-3D36-46F9-B3CD-92EFF85EA7E3}.Release|Win32.Build.0 = Release|Win32
		{1BA776D7-3D36-46F9-B3CD-92EFF85EA7E3}.Release|x64.ActiveCfg = Release|Win32
		{FA892FEA-C211-47FD-A9CA-CB70E1346635}.Debug|Win32.ActiveCfg = Debug|Win32
		{FA892FEA-C211-47FD-A9CA-CB70E1346635}.Debug|Win32.Build.0 = Debug|Win32
		{FA892FEA-C211-47FD-A9CA-CB70E1346635}.Debug|x64.ActiveCfg = Debug|x64
		{FA892FEA-C211-47FD-A9CA-CB70E1346635}.Debug|x64.Build.0 = Debug|x64
		{FA892FEA-C211-47FD-A9CA-CB70E1346635}.Release|Win32.ActiveCfg = Release|Win32
		{FA892FEA-C211-47FD-A9CA-CB70E1346635}.Release|Win32.Build.0 = Release|Win32
		{FA892FEA-C211-47FD-A9CA-CB70E1346635}.Release|x64.ActiveCfg = Release|x64
		{FA892FEA-C211-47FD-A9CA-CB70E1346635}.Release|x64.Build.0 = Release|x64
	EndGlobalSection
	GlobalSection(SolutionProperties) = preSolution
		HideSolutionNode = FALSE
	EndGlobalSection
EndGlobal
